
Microsoft Visual Studio Solution File, Format Version 12.00
# Visual Studio Version 17
VisualStudioVersion = 17.5.002.0
MinimumVisualStudioVersion = 10.0.40219.1
Project("{9A19103F-16F7-4668-BE54-9A1E7A4F7556}") = "ProjetoFinal", "ProjetoFinal.csproj", "{AFA1DA15-D470-4E59-B20D-7FE59839C876}"
EndProject
Global
	GlobalSection(SolutionConfigurationPlatforms) = preSolution
		Debug|Any CPU = Debug|Any CPU
		Release|Any CPU = Release|Any CPU
	EndGlobalSection
	GlobalSection(ProjectConfigurationPlatforms) = postSolution
		{AFA1DA15-D470-4E59-B20D-7FE59839C876}.Debug|Any CPU.ActiveCfg = Debug|Any CPU
		{AFA1DA15-D470-4E59-B20D-7FE59839C876}.Debug|Any CPU.Build.0 = Debug|Any CPU
		{AFA1DA15-D470-4E59-B20D-7FE59839C876}.Release|Any CPU.ActiveCfg = Release|Any CPU
		{AFA1DA15-D470-4E59-B20D-7FE59839C876}.Release|Any CPU.Build.0 = Release|Any CPU
	EndGlobalSection
	GlobalSection(SolutionProperties) = preSolution
		HideSolutionNode = FALSE
	EndGlobalSection
	GlobalSection(ExtensibilityGlobals) = postSolution
		SolutionGuid = {C5371944-FE6D-4D9A-AB5F-C60AAB7671B6}
	EndGlobalSection
EndGlobal
